
Microsoft Visual Studio Solution File, Format Version 12.00
# Visual Studio 15
VisualStudioVersion = 15.0.28307.539
MinimumVisualStudioVersion = 10.0.40219.1
Project("{FAE04EC0-301F-11D3-BF4B-00C04F79EFBC}") = "TravelRecordApp.Android", "TravelRecordApp\TravelRecordApp.Android\TravelRecordApp.Android.csproj", "{CD03CF12-1FBA-4EF3-BE41-7CED1D3E1397}"
EndProject
Project("{FAE04EC0-301F-11D3-BF4B-00C04F79EFBC}") = "TravelRecordApp.iOS", "TravelRecordApp\TravelRecordApp.iOS\TravelRecordApp.iOS.csproj", "{4D02803A-7033-40C9-9AFC-84B7DCB48BFA}"
EndProject
Project("{FAE04EC0-301F-11D3-BF4B-00C04F79EFBC}") = "TravelRecordApp", "TravelRecordApp\TravelRecordApp\TravelRecordApp.csproj", "{01E12F0E-14F1-494F-963D-E282E7D13AEF}"
EndProject
Global
	GlobalSection(SolutionConfigurationPlatforms) = preSolution
		Ad-Hoc|Any CPU = Ad-Hoc|Any CPU
		Ad-Hoc|iPhone = Ad-Hoc|iPhone
		Ad-Hoc|iPhoneSimulator = Ad-Hoc|iPhoneSimulator
		AppStore|Any CPU = AppStore|Any CPU
		AppStore|iPhone = AppStore|iPhone
		AppStore|iPhoneSimulator = AppStore|iPhoneSimulator
		Debug|Any CPU = Debug|Any CPU
		Debug|iPhone = Debug|iPhone
		Debug|iPhoneSimulator = Debug|iPhoneSimulator
		Release|Any CPU = Release|Any CPU
		Release|iPhone = Release|iPhone
		Release|iPhoneSimulator = Release|iPhoneSimulator
	EndGlobalSection
	GlobalSection(ProjectConfigurationPlatforms) = postSolution
		{CD03CF12-1FBA-4EF3-BE41-7CED1D3E1397}.Ad-Hoc|Any CPU.ActiveCfg = Release|Any CPU
		{CD03CF12-1FBA-4EF3-BE41-7CED1D3E1397}.Ad-Hoc|Any CPU.Build.0 = Release|Any CPU
		{CD03CF12-1FBA-4EF3-BE41-7CED1D3E1397}.Ad-Hoc|Any CPU.Deploy.0 = Release|Any CPU
		{CD03CF12-1FBA-4EF3-BE41-7CED1D3E1397}.Ad-Hoc|iPhone.ActiveCfg = Release|Any CPU
		{CD03CF12-1FBA-4EF3-BE41-7CED1D3E1397}.Ad-Hoc|iPhone.Build.0 = Release|Any CPU
		{CD03CF12-1FBA-4EF3-BE41-7CED1D3E1397}.Ad-Hoc|iPhone.Deploy.0 = Release|Any CPU
		{CD03CF12-1FBA-4EF3-BE41-7CED1D3E1397}.Ad-Hoc|iPhoneSimulator.ActiveCfg = Release|Any CPU
		{CD03CF12-1FBA-4EF3-BE41-7CED1D3E1397}.Ad-Hoc|iPhoneSimulator.Build.0 = Release|Any CPU
		{CD03CF12-1FBA-4EF3-BE41-7CED1D3E1397}.Ad-Hoc|iPhoneSimulator.Deploy.0 = Release|Any CPU
		{CD03CF12-1FBA-4EF3-BE41-7CED1D3E1397}.AppStore|Any CPU.ActiveCfg = Release|Any CPU
		{CD03CF12-1FBA-4EF3-BE41-7CED1D3E1397}.AppStore|Any CPU.Build.0 = Release|Any CPU
		{CD03CF12-1FBA-4EF3-BE41-7CED1D3E1397}.AppStore|Any CPU.Deploy.0 = Release|Any CPU
		{CD03CF12-1FBA-4EF3-BE41-7CED1D3E1397}.AppStore|iPhone.ActiveCfg = Release|Any CPU
		{CD03CF12-1FBA-4EF3-BE41-7CED1D3E1397}.AppStore|iPhone.Build.0 = Release|Any CPU
		{CD03CF12-1FBA-4EF3-BE41-7CED1D3E1397}.AppStore|iPhone.Deploy.0 = Release|Any CPU
		{CD03CF12-1FBA-4EF3-BE41-7CED1D3E1397}.AppStore|iPhoneSimulator.ActiveCfg = Release|Any CPU
		{CD03CF12-1FBA-4EF3-BE41-7CED1D3E1397}.AppStore|iPhoneSimulator.Build.0 = Release|Any CPU
		{CD03CF12-1FBA-4EF3-BE41-7CED1D3E1397}.AppStore|iPhoneSimulator.Deploy.0 = Release|Any CPU
		{CD03CF12-1FBA-4EF3-BE41-7CED1D3E1397}.Debug|Any CPU.ActiveCfg = Debug|Any CPU
		{CD03CF12-1FBA-4EF3-BE41-7CED1D3E1397}.Debug|Any CPU.Build.0 = Debug|Any CPU
		{CD03CF12-1FBA-4EF3-BE41-7CED1D3E1397}.Debug|Any CPU.Deploy.0 = Debug|Any CPU
		{CD03CF12-1FBA-4EF3-BE41-7CED1D3E1397}.Debug|iPhone.ActiveCfg = Debug|Any CPU
		{CD03CF12-1FBA-4EF3-BE41-7CED1D3E1397}.Debug|iPhone.Build.0 = Debug|Any CPU
		{CD03CF12-1FBA-4EF3-BE41-7CED1D3E1397}.Debug|iPhone.Deploy.0 = Debug|Any CPU
		{CD03CF12-1FBA-4EF3-BE41-7CED1D3E1397}.Debug|iPhoneSimulator.ActiveCfg = Debug|Any CPU
		{CD03CF12-1FBA-4EF3-BE41-7CED1D3E1397}.Debug|iPhoneSimulator.Build.0 = Debug|Any CPU
		{CD03CF12-1FBA-4EF3-BE41-7CED1D3E1397}.Debug|iPhoneSimulator.Deploy.0 = Debug|Any CPU
		{CD03CF12-1FBA-4EF3-BE41-7CED1D3E1397}.Release|Any CPU.ActiveCfg = Release|Any CPU
		{CD03CF12-1FBA-4EF3-BE41-7CED1D3E1397}.Release|Any CPU.Build.0 = Release|Any CPU
		{CD03CF12-1FBA-4EF3-BE41-7CED1D3E1397}.Release|Any CPU.Deploy.0 = Release|Any CPU
		{CD03CF12-1FBA-4EF3-BE41-7CED1D3E1397}.Release|iPhone.ActiveCfg = Release|Any CPU
		{CD03CF12-1FBA-4EF3-BE41-7CED1D3E1397}.Release|iPhone.Build.0 = Release|Any CPU
		{CD03CF12-1FBA-4EF3-BE41-7CED1D3E1397}.Release|iPhone.Deploy.0 = Release|Any CPU
		{CD03CF12-1FBA-4EF3-BE41-7CED1D3E1397}.Release|iPhoneSimulator.ActiveCfg = Release|Any CPU
		{CD03CF12-1FBA-4EF3-BE41-7CED1D3E1397}.Release|iPhoneSimulator.Build.0 = Release|Any CPU
		{CD03CF12-1FBA-4EF3-BE41-7CED1D3E1397}.Release|iPhoneSimulator.Deploy.0 = Release|Any CPU
		{4D02803A-7033-40C9-9AFC-84B7DCB48BFA}.Ad-Hoc|Any CPU.ActiveCfg = Ad-Hoc|iPhone
		{4D02803A-7033-40C9-9AFC-84B7DCB48BFA}.Ad-Hoc|Any CPU.Build.0 = Ad-Hoc|iPhone
		{4D02803A-7033-40C9-9AFC-84B7DCB48BFA}.Ad-Hoc|Any CPU.Deploy.0 = Ad-Hoc|iPhone
		{4D02803A-7033-40C9-9AFC-84B7DCB48BFA}.Ad-Hoc|iPhone.ActiveCfg = Ad-Hoc|iPhone
		{4D02803A-7033-40C9-9AFC-84B7DCB48BFA}.Ad-Hoc|iPhone.Build.0 = Ad-Hoc|iPhone
		{4D02803A-7033-40C9-9AFC-84B7DCB48BFA}.Ad-Hoc|iPhone.Deploy.0 = Ad-Hoc|iPhone
		{4D02803A-7033-40C9-9AFC-84B7DCB48BFA}.Ad-Hoc|iPhoneSimulator.ActiveCfg = Ad-Hoc|iPhoneSimulator
		{4D02803A-7033-40C9-9AFC-84B7DCB48BFA}.Ad-Hoc|iPhoneSimulator.Build.0 = Ad-Hoc|iPhoneSimulator
		{4D02803A-7033-40C9-9AFC-84B7DCB48BFA}.Ad-Hoc|iPhoneSimulator.Deploy.0 = Ad-Hoc|iPhoneSimulator
		{4D02803A-7033-40C9-9AFC-84B7DCB48BFA}.AppStore|Any CPU.ActiveCfg = AppStore|iPhone
		{4D02803A-7033-40C9-9AFC-84B7DCB48BFA}.AppStore|Any CPU.Build.0 = AppStore|iPhone
		{4D02803A-7033-40C9-9AFC-84B7DCB48BFA}.AppStore|Any CPU.Deploy.0 = AppStore|iPhone
		{4D02803A-7033-40C9-9AFC-84B7DCB48BFA}.AppStore|iPhone.ActiveCfg = AppStore|iPhone
		{4D02803A-7033-40C9-9AFC-84B7DCB48BFA}.AppStore|iPhone.Build.0 = AppStore|iPhone
		{4D02803A-7033-40C9-9AFC-84B7DCB48BFA}.AppStore|iPhone.Deploy.0 = AppStore|iPhone
		{4D02803A-7033-40C9-9AFC-84B7DCB48BFA}.AppStore|iPhoneSimulator.ActiveCfg = AppStore|iPhoneSimulator
		{4D02803A-7033-40C9-9AFC-84B7DCB48BFA}.AppStore|iPhoneSimulator.Build.0 = AppStore|iPhoneSimulator
		{4D02803A-7033-40C9-9AFC-84B7DCB48BFA}.AppStore|iPhoneSimulator.Deploy.0 = AppStore|iPhoneSimulator
		{4D02803A-7033-40C9-9AFC-84B7DCB48BFA}.Debug|Any CPU.ActiveCfg = Debug|iPhoneSimulator
		{4D02803A-7033-40C9-9AFC-84B7DCB48BFA}.Debug|Any CPU.Build.0 = Debug|iPhoneSimulator
		{4D02803A-7033-40C9-9AFC-84B7DCB48BFA}.Debug|Any CPU.Deploy.0 = Debug|iPhoneSimulator
		{4D02803A-7033-40C9-9AFC-84B7DCB48BFA}.Debug|iPhone.ActiveCfg = Debug|iPhone
		{4D02803A-7033-40C9-9AFC-84B7DCB48BFA}.Debug|iPhone.Build.0 = Debug|iPhone
		{4D02803A-7033-40C9-9AFC-84B7DCB48BFA}.Debug|iPhone.Deploy.0 = Debug|iPhone
		{4D02803A-7033-40C9-9AFC-84B7DCB48BFA}.Debug|iPhoneSimulator.ActiveCfg = Debug|iPhoneSimulator
		{4D02803A-7033-40C9-9AFC-84B7DCB48BFA}.Debug|iPhoneSimulator.Build.0 = Debug|iPhoneSimulator
		{4D02803A-7033-40C9-9AFC-84B7DCB48BFA}.Debug|iPhoneSimulator.Deploy.0 = Debug|iPhoneSimulator
		{4D02803A-7033-40C9-9AFC-84B7DCB48BFA}.Release|Any CPU.ActiveCfg = Release|iPhone
		{4D02803A-7033-40C9-9AFC-84B7DCB48BFA}.Release|Any CPU.Build.0 = Release|iPhone
		{4D02803A-7033-40C9-9AFC-84B7DCB48BFA}.Release|Any CPU.Deploy.0 = Release|iPhone
		{4D02803A-7033-40C9-9AFC-84B7DCB48BFA}.Release|iPhone.ActiveCfg = Release|iPhone
		{4D02803A-7033-40C9-9AFC-84B7DCB48BFA}.Release|iPhone.Build.0 = Release|iPhone
		{4D02803A-7033-40C9-9AFC-84B7DCB48BFA}.Release|iPhone.Deploy.0 = Release|iPhone
		{4D02803A-7033-40C9-9AFC-84B7DCB48BFA}.Release|iPhoneSimulator.ActiveCfg = Release|iPhoneSimulator
		{4D02803A-7033-40C9-9AFC-84B7DCB48BFA}.Release|iPhoneSimulator.Build.0 = Release|iPhoneSimulator
		{4D02803A-7033-40C9-9AFC-84B7DCB48BFA}.Release|iPhoneSimulator.Deploy.0 = Release|iPhoneSimulator
		{01E12F0E-14F1-494F-963D-E282E7D13AEF}.Ad-Hoc|Any CPU.ActiveCfg = Debug|Any CPU
		{01E12F0E-14F1-494F-963D-E282E7D13AEF}.Ad-Hoc|Any CPU.Build.0 = Debug|Any CPU
		{01E12F0E-14F1-494F-963D-E282E7D13AEF}.Ad-Hoc|Any CPU.Deploy.0 = Debug|Any CPU
		{01E12F0E-14F1-494F-963D-E282E7D13AEF}.Ad-Hoc|iPhone.ActiveCfg = Debug|Any CPU
		{01E12F0E-14F1-494F-963D-E282E7D13AEF}.Ad-Hoc|iPhone.Build.0 = Debug|Any CPU
		{01E12F0E-14F1-494F-963D-E282E7D13AEF}.Ad-Hoc|iPhone.Deploy.0 = Debug|Any CPU
		{01E12F0E-14F1-494F-963D-E282E7D13AEF}.Ad-Hoc|iPhoneSimulator.ActiveCfg = Debug|Any CPU
		{01E12F0E-14F1-494F-963D-E282E7D13AEF}.Ad-Hoc|iPhoneSimulator.Build.0 = Debug|Any CPU
		{01E12F0E-14F1-494F-963D-E282E7D13AEF}.Ad-Hoc|iPhoneSimulator.Deploy.0 = Debug|Any CPU
		{01E12F0E-14F1-494F-963D-E282E7D13AEF}.AppStore|Any CPU.ActiveCfg = Debug|Any CPU
		{01E12F0E-14F1-494F-963D-E282E7D13AEF}.AppStore|Any CPU.Build.0 = Debug|Any CPU
		{01E12F0E-14F1-494F-963D-E282E7D13AEF}.AppStore|Any CPU.Deploy.0 = Debug|Any CPU
		{01E12F0E-14F1-494F-963D-E282E7D13AEF}.AppStore|iPhone.ActiveCfg = Debug|Any CPU
		{01E12F0E-14F1-494F-963D-E282E7D13AEF}.AppStore|iPhone.Build.0 = Debug|Any CPU
		{01E12F0E-14F1-494F-963D-E282E7D13AEF}.AppStore|iPhone.Deploy.0 = Debug|Any CPU
		{01E12F0E-14F1-494F-963D-E282E7D13AEF}.AppStore|iPhoneSimulator.ActiveCfg = Debug|Any CPU
		{01E12F0E-14F1-494F-963D-E282E7D13AEF}.AppStore|iPhoneSimulator.Build.0 = Debug|Any CPU
		{01E12F0E-14F1-494F-963D-E282E7D13AEF}.AppStore|iPhoneSimulator.Deploy.0 = Debug|Any CPU
		{01E12F0E-14F1-494F-963D-E282E7D13AEF}.Debug|Any CPU.ActiveCfg = Debug|Any CPU
		{01E12F0E-14F1-494F-963D-E282E7D13AEF}.Debug|Any CPU.Build.0 = Debug|Any CPU
		{01E12F0E-14F1-494F-963D-E282E7D13AEF}.Debug|Any CPU.Deploy.0 = Debug|Any CPU
		{01E12F0E-14F1-494F-963D-E282E7D13AEF}.Debug|iPhone.ActiveCfg = Debug|Any CPU
		{01E12F0E-14F1-494F-963D-E282E7D13AEF}.Debug|iPhone.Build.0 = Debug|Any CPU
		{01E12F0E-14F1-494F-963D-E282E7D13AEF}.Debug|iPhone.Deploy.0 = Debug|Any CPU
		{01E12F0E-14F1-494F-963D-E282E7D13AEF}.Debug|iPhoneSimulator.ActiveCfg = Debug|Any CPU
		{01E12F0E-14F1-494F-963D-E282E7D13AEF}.Debug|iPhoneSimulator.Build.0 = Debug|Any CPU
		{01E12F0E-14F1-494F-963D-E282E7D13AEF}.Debug|iPhoneSimulator.Deploy.0 = Debug|Any CPU
		{01E12F0E-14F1-494F-963D-E282E7D13AEF}.Release|Any CPU.ActiveCfg = Release|Any CPU
		{01E12F0E-14F1-494F-963D-E282E7D13AEF}.Release|Any CPU.Build.0 = Release|Any CPU
		{01E12F0E-14F1-494F-963D-E282E7D13AEF}.Release|Any CPU.Deploy.0 = Release|Any CPU
		{01E12F0E-14F1-494F-963D-E282E7D13AEF}.Release|iPhone.ActiveCfg = Release|Any CPU
		{01E12F0E-14F1-494F-963D-E282E7D13AEF}.Release|iPhone.Build.0 = Release|Any CPU
		{01E12F0E-14F1-494F-963D-E282E7D13AEF}.Release|iPhone.Deploy.0 = Release|Any CPU
		{01E12F0E-14F1-494F-963D-E282E7D13AEF}.Release|iPhoneSimulator.ActiveCfg = Release|Any CPU
		{01E12F0E-14F1-494F-963D-E282E7D13AEF}.Release|iPhoneSimulator.Build.0 = Release|Any CPU
		{01E12F0E-14F1-494F-963D-E282E7D13AEF}.Release|iPhoneSimulator.Deploy.0 = Release|Any CPU
	EndGlobalSection
	GlobalSection(SolutionProperties) = preSolution
		HideSolutionNode = FALSE
	EndGlobalSection
	GlobalSection(ExtensibilityGlobals) = postSolution
		SolutionGuid = {857D214E-5D4D-4F1D-8BD8-ADF5BFA56FA3}
	EndGlobalSection
EndGlobal
